github.com/taylormonacelli/goldbug v0.0.6 h1:2NQnMjAfznHkKh8dKPTUHJqnswgqWrcF/NhOnm4TQRI=
github.com/taylormonacelli/goldbug v0.0.6/go.mod h1:RmeCuiI1RYYPob+BPHEZcmp+IVd6EkoHsoRukenJmH0=
github.com/taylormonacelli/littlecow v0.0.0-20231217223800-1d1f491e5060 h1:E6bheQ9XiB2NtfkR8SbNL/b5ggpuwWHnWrlxPOt3KNk=
github.com/taylormonacelli/littlecow v0.0.0-20231217223800-1d1f491e5060/go.mod h1:U5Y8E9afDjxSTrKkrwekw5J9YIcrcKdBzLDV9JF0dXg=
github.com/taylormonacelli/littlecow v0.0.1 h1:m52fMIVrwhZyY91y00SteX4lTaEgwEoJv6HzVdQlUiM=
github.com/taylormonacelli/littlecow v0.0.1/go.mod h1:U5Y8E9afDjxSTrKkrwekw5J9YIcrcKdBzLDV9JF0dXg=
